
Microsoft Visual Studio Solution File, Format Version 12.00
# Visual Studio 15
VisualStudioVersion = 15.0.28307.168
MinimumVisualStudioVersion = 10.0.40219.1
Project("{FAE04EC0-301F-11D3-BF4B-00C04F79EFBC}") = "bitmapToArray", "bitmapToArray\bitmapToArray.csproj", "{6A32302F-4D3D-4C70-9ABC-B1DF3A12AA09}"
EndProject
Global
	GlobalSection(SolutionConfigurationPlatforms) = preSolution
		Debug|Any CPU = Debug|Any CPU
		Release|Any CPU = Release|Any CPU
	EndGlobalSection
	GlobalSection(ProjectConfigurationPlatforms) = postSolution
		{6A32302F-4D3D-4C70-9ABC-B1DF3A12AA09}.Debug|Any CPU.ActiveCfg = Debug|Any CPU
		{6A32302F-4D3D-4C70-9ABC-B1DF3A12AA09}.Debug|Any CPU.Build.0 = Debug|Any CPU
		{6A32302F-4D3D-4C70-9ABC-B1DF3A12AA09}.Release|Any CPU.ActiveCfg = Release|Any CPU
		{6A32302F-4D3D-4C70-9ABC-B1DF3A12AA09}.Release|Any CPU.Build.0 = Release|Any CPU
	EndGlobalSection
	GlobalSection(SolutionProperties) = preSolution
		HideSolutionNode = FALSE
	EndGlobalSection
	GlobalSection(ExtensibilityGlobals) = postSolution
		SolutionGuid = {548E0C6E-922A-4AF7-B91E-73BC2DED6DBF}
	EndGlobalSection
EndGlobal
